
Microsoft Visual Studio Solution File, Format Version 12.00
# Visual Studio 15
VisualStudioVersion = 15.0.26403.0
MinimumVisualStudioVersion = 10.0.40219.1
Project("{FAE04EC0-301F-11D3-BF4B-00C04F79EFBC}") = "Parser", "Parser\Parser.csproj", "{BB94DDF1-D65F-4DC4-B59A-4EF08B5FC68F}"
EndProject
Project("{FAE04EC0-301F-11D3-BF4B-00C04F79EFBC}") = "Demo", "Demo\Demo.csproj", "{6E0DDA43-F4FA-4831-BD36-D25599647A5E}"
EndProject
Global
	GlobalSection(SolutionConfigurationPlatforms) = preSolution
		Debug|Any CPU = Debug|Any CPU
		Release|Any CPU = Release|Any CPU
	EndGlobalSection
	GlobalSection(ProjectConfigurationPlatforms) = postSolution
		{BB94DDF1-D65F-4DC4-B59A-4EF08B5FC68F}.Debug|Any CPU.ActiveCfg = Debug|Any CPU
		{BB94DDF1-D65F-4DC4-B59A-4EF08B5FC68F}.Debug|Any CPU.Build.0 = Debug|Any CPU
		{BB94DDF1-D65F-4DC4-B59A-4EF08B5FC68F}.Release|Any CPU.ActiveCfg = Release|Any CPU
		{BB94DDF1-D65F-4DC4-B59A-4EF08B5FC68F}.Release|Any CPU.Build.0 = Release|Any CPU
		{6E0DDA43-F4FA-4831-BD36-D25599647A5E}.Debug|Any CPU.ActiveCfg = Debug|Any CPU
		{6E0DDA43-F4FA-4831-BD36-D25599647A5E}.Debug|Any CPU.Build.0 = Debug|Any CPU
		{6E0DDA43-F4FA-4831-BD36-D25599647A5E}.Release|Any CPU.ActiveCfg = Release|Any CPU
		{6E0DDA43-F4FA-4831-BD36-D25599647A5E}.Release|Any CPU.Build.0 = Release|Any CPU
	EndGlobalSection
	GlobalSection(SolutionProperties) = preSolution
		HideSolutionNode = FALSE
	EndGlobalSection
EndGlobal
